
Microsoft Visual Studio Solution File, Format Version 12.00
# Visual Studio Version 16
VisualStudioVersion = 16.0.29306.81
MinimumVisualStudioVersion = 10.0.40219.1
Project("{FAE04EC0-301F-11D3-BF4B-00C04F79EFBC}") = "20_linkedlist_PostfixEvaluator", "20_linkedlist_PostfixEvaluator.csproj", "{BCD3BF84-BE30-435A-9865-B2384B2CB5E1}"
EndProject
Global
	GlobalSection(SolutionConfigurationPlatforms) = preSolution
		Debug|Any CPU = Debug|Any CPU
		Release|Any CPU = Release|Any CPU
	EndGlobalSection
	GlobalSection(ProjectConfigurationPlatforms) = postSolution
		{BCD3BF84-BE30-435A-9865-B2384B2CB5E1}.Debug|Any CPU.ActiveCfg = Debug|Any CPU
		{BCD3BF84-BE30-435A-9865-B2384B2CB5E1}.Debug|Any CPU.Build.0 = Debug|Any CPU
		{BCD3BF84-BE30-435A-9865-B2384B2CB5E1}.Release|Any CPU.ActiveCfg = Release|Any CPU
		{BCD3BF84-BE30-435A-9865-B2384B2CB5E1}.Release|Any CPU.Build.0 = Release|Any CPU
	EndGlobalSection
	GlobalSection(SolutionProperties) = preSolution
		HideSolutionNode = FALSE
	EndGlobalSection
	GlobalSection(ExtensibilityGlobals) = postSolution
		SolutionGuid = {B518B321-2C95-4030-9E9B-AFCD22CCE146}
	EndGlobalSection
EndGlobal
