
Microsoft Visual Studio Solution File, Format Version 12.00
# Visual Studio Version 16
VisualStudioVersion = 16.0.29306.81
MinimumVisualStudioVersion = 10.0.40219.1
Project("{FAE04EC0-301F-11D3-BF4B-00C04F79EFBC}") = "28_bitwise", "28_bitwise.csproj", "{CE405BC3-19C3-4EAB-BCFB-AB79785CD603}"
EndProject
Global
	GlobalSection(SolutionConfigurationPlatforms) = preSolution
		Debug|Any CPU = Debug|Any CPU
		Release|Any CPU = Release|Any CPU
	EndGlobalSection
	GlobalSection(ProjectConfigurationPlatforms) = postSolution
		{CE405BC3-19C3-4EAB-BCFB-AB79785CD603}.Debug|Any CPU.ActiveCfg = Debug|Any CPU
		{CE405BC3-19C3-4EAB-BCFB-AB79785CD603}.Debug|Any CPU.Build.0 = Debug|Any CPU
		{CE405BC3-19C3-4EAB-BCFB-AB79785CD603}.Release|Any CPU.ActiveCfg = Release|Any CPU
		{CE405BC3-19C3-4EAB-BCFB-AB79785CD603}.Release|Any CPU.Build.0 = Release|Any CPU
	EndGlobalSection
	GlobalSection(SolutionProperties) = preSolution
		HideSolutionNode = FALSE
	EndGlobalSection
	GlobalSection(ExtensibilityGlobals) = postSolution
		SolutionGuid = {2D6C9D2F-7D9D-45B6-B6CB-26C3E4036273}
	EndGlobalSection
EndGlobal
