
Microsoft Visual Studio Solution File, Format Version 12.00
# Visual Studio Version 16
VisualStudioVersion = 16.0.29306.81
MinimumVisualStudioVersion = 10.0.40219.1
Project("{FAE04EC0-301F-11D3-BF4B-00C04F79EFBC}") = "9_TestString", "9_TestString.csproj", "{D8CBA3D1-C7A8-4F0A-A57D-C283C2E98D0B}"
EndProject
Global
	GlobalSection(SolutionConfigurationPlatforms) = preSolution
		Debug|Any CPU = Debug|Any CPU
		Release|Any CPU = Release|Any CPU
	EndGlobalSection
	GlobalSection(ProjectConfigurationPlatforms) = postSolution
		{D8CBA3D1-C7A8-4F0A-A57D-C283C2E98D0B}.Debug|Any CPU.ActiveCfg = Debug|Any CPU
		{D8CBA3D1-C7A8-4F0A-A57D-C283C2E98D0B}.Debug|Any CPU.Build.0 = Debug|Any CPU
		{D8CBA3D1-C7A8-4F0A-A57D-C283C2E98D0B}.Release|Any CPU.ActiveCfg = Release|Any CPU
		{D8CBA3D1-C7A8-4F0A-A57D-C283C2E98D0B}.Release|Any CPU.Build.0 = Release|Any CPU
	EndGlobalSection
	GlobalSection(SolutionProperties) = preSolution
		HideSolutionNode = FALSE
	EndGlobalSection
	GlobalSection(ExtensibilityGlobals) = postSolution
		SolutionGuid = {B05F0F8B-E3C0-4B42-B98A-1B79077D9C75}
	EndGlobalSection
EndGlobal
