
Microsoft Visual Studio Solution File, Format Version 12.00
# Visual Studio Version 16
VisualStudioVersion = 16.0.29306.81
MinimumVisualStudioVersion = 10.0.40219.1
Project("{FAE04EC0-301F-11D3-BF4B-00C04F79EFBC}") = "34_InheritanceTest", "34_InheritanceTest.csproj", "{4BF1E281-A3EC-4849-AB27-01E869522F36}"
EndProject
Global
	GlobalSection(SolutionConfigurationPlatforms) = preSolution
		Debug|Any CPU = Debug|Any CPU
		Release|Any CPU = Release|Any CPU
	EndGlobalSection
	GlobalSection(ProjectConfigurationPlatforms) = postSolution
		{4BF1E281-A3EC-4849-AB27-01E869522F36}.Debug|Any CPU.ActiveCfg = Debug|Any CPU
		{4BF1E281-A3EC-4849-AB27-01E869522F36}.Debug|Any CPU.Build.0 = Debug|Any CPU
		{4BF1E281-A3EC-4849-AB27-01E869522F36}.Release|Any CPU.ActiveCfg = Release|Any CPU
		{4BF1E281-A3EC-4849-AB27-01E869522F36}.Release|Any CPU.Build.0 = Release|Any CPU
	EndGlobalSection
	GlobalSection(SolutionProperties) = preSolution
		HideSolutionNode = FALSE
	EndGlobalSection
	GlobalSection(ExtensibilityGlobals) = postSolution
		SolutionGuid = {1D7D3CE1-0B23-4C1A-B065-EE67AD03FBBE}
	EndGlobalSection
EndGlobal
