
Microsoft Visual Studio Solution File, Format Version 12.00
# Visual Studio Version 16
VisualStudioVersion = 16.0.29306.81
MinimumVisualStudioVersion = 10.0.40219.1
Project("{FAE04EC0-301F-11D3-BF4B-00C04F79EFBC}") = "47_Collection_SortedList", "47_Collection_SortedList.csproj", "{192FD5B1-D1A7-4446-966D-D7A196748645}"
EndProject
Global
	GlobalSection(SolutionConfigurationPlatforms) = preSolution
		Debug|Any CPU = Debug|Any CPU
		Release|Any CPU = Release|Any CPU
	EndGlobalSection
	GlobalSection(ProjectConfigurationPlatforms) = postSolution
		{192FD5B1-D1A7-4446-966D-D7A196748645}.Debug|Any CPU.ActiveCfg = Debug|Any CPU
		{192FD5B1-D1A7-4446-966D-D7A196748645}.Debug|Any CPU.Build.0 = Debug|Any CPU
		{192FD5B1-D1A7-4446-966D-D7A196748645}.Release|Any CPU.ActiveCfg = Release|Any CPU
		{192FD5B1-D1A7-4446-966D-D7A196748645}.Release|Any CPU.Build.0 = Release|Any CPU
	EndGlobalSection
	GlobalSection(SolutionProperties) = preSolution
		HideSolutionNode = FALSE
	EndGlobalSection
	GlobalSection(ExtensibilityGlobals) = postSolution
		SolutionGuid = {B425950F-777B-4F8F-8CB9-B043A672EF8F}
	EndGlobalSection
EndGlobal
