
Microsoft Visual Studio Solution File, Format Version 12.00
# Visual Studio Version 16
VisualStudioVersion = 16.0.29306.81
MinimumVisualStudioVersion = 10.0.40219.1
Project("{FAE04EC0-301F-11D3-BF4B-00C04F79EFBC}") = "1_getSum", "1_getSum.csproj", "{CA96CAA3-F2ED-4465-93EF-FD17DC9D8196}"
EndProject
Global
	GlobalSection(SolutionConfigurationPlatforms) = preSolution
		Debug|Any CPU = Debug|Any CPU
		Release|Any CPU = Release|Any CPU
	EndGlobalSection
	GlobalSection(ProjectConfigurationPlatforms) = postSolution
		{CA96CAA3-F2ED-4465-93EF-FD17DC9D8196}.Debug|Any CPU.ActiveCfg = Debug|Any CPU
		{CA96CAA3-F2ED-4465-93EF-FD17DC9D8196}.Debug|Any CPU.Build.0 = Debug|Any CPU
		{CA96CAA3-F2ED-4465-93EF-FD17DC9D8196}.Release|Any CPU.ActiveCfg = Release|Any CPU
		{CA96CAA3-F2ED-4465-93EF-FD17DC9D8196}.Release|Any CPU.Build.0 = Release|Any CPU
	EndGlobalSection
	GlobalSection(SolutionProperties) = preSolution
		HideSolutionNode = FALSE
	EndGlobalSection
	GlobalSection(ExtensibilityGlobals) = postSolution
		SolutionGuid = {D992EB0D-3B12-49EA-AAD6-07EA4BC3E492}
	EndGlobalSection
EndGlobal
