
Microsoft Visual Studio Solution File, Format Version 12.00
# Visual Studio Version 16
VisualStudioVersion = 16.0.29306.81
MinimumVisualStudioVersion = 10.0.40219.1
Project("{FAE04EC0-301F-11D3-BF4B-00C04F79EFBC}") = "48_TestList", "48_TestList.csproj", "{382A3094-0E45-4E23-A9E4-1A626293E81E}"
EndProject
Global
	GlobalSection(SolutionConfigurationPlatforms) = preSolution
		Debug|Any CPU = Debug|Any CPU
		Release|Any CPU = Release|Any CPU
	EndGlobalSection
	GlobalSection(ProjectConfigurationPlatforms) = postSolution
		{382A3094-0E45-4E23-A9E4-1A626293E81E}.Debug|Any CPU.ActiveCfg = Debug|Any CPU
		{382A3094-0E45-4E23-A9E4-1A626293E81E}.Debug|Any CPU.Build.0 = Debug|Any CPU
		{382A3094-0E45-4E23-A9E4-1A626293E81E}.Release|Any CPU.ActiveCfg = Release|Any CPU
		{382A3094-0E45-4E23-A9E4-1A626293E81E}.Release|Any CPU.Build.0 = Release|Any CPU
	EndGlobalSection
	GlobalSection(SolutionProperties) = preSolution
		HideSolutionNode = FALSE
	EndGlobalSection
	GlobalSection(ExtensibilityGlobals) = postSolution
		SolutionGuid = {F96E2E08-E95B-41DD-8B06-18F428640477}
	EndGlobalSection
EndGlobal
