
Microsoft Visual Studio Solution File, Format Version 12.00
# Visual Studio Version 16
VisualStudioVersion = 16.0.29306.81
MinimumVisualStudioVersion = 10.0.40219.1
Project("{FAE04EC0-301F-11D3-BF4B-00C04F79EFBC}") = "33_PointTest", "33_PointTest.csproj", "{D4B1CF50-6AFF-4E8A-89FE-F4CBB699E85F}"
EndProject
Global
	GlobalSection(SolutionConfigurationPlatforms) = preSolution
		Debug|Any CPU = Debug|Any CPU
		Release|Any CPU = Release|Any CPU
	EndGlobalSection
	GlobalSection(ProjectConfigurationPlatforms) = postSolution
		{D4B1CF50-6AFF-4E8A-89FE-F4CBB699E85F}.Debug|Any CPU.ActiveCfg = Debug|Any CPU
		{D4B1CF50-6AFF-4E8A-89FE-F4CBB699E85F}.Debug|Any CPU.Build.0 = Debug|Any CPU
		{D4B1CF50-6AFF-4E8A-89FE-F4CBB699E85F}.Release|Any CPU.ActiveCfg = Release|Any CPU
		{D4B1CF50-6AFF-4E8A-89FE-F4CBB699E85F}.Release|Any CPU.Build.0 = Release|Any CPU
	EndGlobalSection
	GlobalSection(SolutionProperties) = preSolution
		HideSolutionNode = FALSE
	EndGlobalSection
	GlobalSection(ExtensibilityGlobals) = postSolution
		SolutionGuid = {CF869151-4004-4915-AB08-1CB4DA27E1AA}
	EndGlobalSection
EndGlobal
