
Microsoft Visual Studio Solution File, Format Version 12.00
# Visual Studio Version 16
VisualStudioVersion = 16.0.29306.81
MinimumVisualStudioVersion = 10.0.40219.1
Project("{FAE04EC0-301F-11D3-BF4B-00C04F79EFBC}") = "23_generic2", "23_generic2.csproj", "{20376D1D-5589-4CDB-8A7E-FB2A3DE3ABAD}"
EndProject
Global
	GlobalSection(SolutionConfigurationPlatforms) = preSolution
		Debug|Any CPU = Debug|Any CPU
		Release|Any CPU = Release|Any CPU
	EndGlobalSection
	GlobalSection(ProjectConfigurationPlatforms) = postSolution
		{20376D1D-5589-4CDB-8A7E-FB2A3DE3ABAD}.Debug|Any CPU.ActiveCfg = Debug|Any CPU
		{20376D1D-5589-4CDB-8A7E-FB2A3DE3ABAD}.Debug|Any CPU.Build.0 = Debug|Any CPU
		{20376D1D-5589-4CDB-8A7E-FB2A3DE3ABAD}.Release|Any CPU.ActiveCfg = Release|Any CPU
		{20376D1D-5589-4CDB-8A7E-FB2A3DE3ABAD}.Release|Any CPU.Build.0 = Release|Any CPU
	EndGlobalSection
	GlobalSection(SolutionProperties) = preSolution
		HideSolutionNode = FALSE
	EndGlobalSection
	GlobalSection(ExtensibilityGlobals) = postSolution
		SolutionGuid = {D6B10DCB-0F19-4D96-923D-316B379D3EED}
	EndGlobalSection
EndGlobal
