
Microsoft Visual Studio Solution File, Format Version 12.00
# Visual Studio Version 16
VisualStudioVersion = 16.0.29306.81
MinimumVisualStudioVersion = 10.0.40219.1
Project("{FAE04EC0-301F-11D3-BF4B-00C04F79EFBC}") = "40_zoo4", "40_zoo4.csproj", "{A7072C9D-84C8-438B-A093-FCD8CAEF2B06}"
EndProject
Global
	GlobalSection(SolutionConfigurationPlatforms) = preSolution
		Debug|Any CPU = Debug|Any CPU
		Release|Any CPU = Release|Any CPU
	EndGlobalSection
	GlobalSection(ProjectConfigurationPlatforms) = postSolution
		{A7072C9D-84C8-438B-A093-FCD8CAEF2B06}.Debug|Any CPU.ActiveCfg = Debug|Any CPU
		{A7072C9D-84C8-438B-A093-FCD8CAEF2B06}.Debug|Any CPU.Build.0 = Debug|Any CPU
		{A7072C9D-84C8-438B-A093-FCD8CAEF2B06}.Release|Any CPU.ActiveCfg = Release|Any CPU
		{A7072C9D-84C8-438B-A093-FCD8CAEF2B06}.Release|Any CPU.Build.0 = Release|Any CPU
	EndGlobalSection
	GlobalSection(SolutionProperties) = preSolution
		HideSolutionNode = FALSE
	EndGlobalSection
	GlobalSection(ExtensibilityGlobals) = postSolution
		SolutionGuid = {979B2EA4-F69E-47C6-8375-3A09E791BE67}
	EndGlobalSection
EndGlobal
