
Microsoft Visual Studio Solution File, Format Version 12.00
# Visual Studio Version 16
VisualStudioVersion = 16.0.29306.81
MinimumVisualStudioVersion = 10.0.40219.1
Project("{FAE04EC0-301F-11D3-BF4B-00C04F79EFBC}") = "19_compare_Link_Array", "19_compare_Link_Array.csproj", "{ED6A7AFD-8CE3-4F6A-B831-94645A0D4B1A}"
EndProject
Global
	GlobalSection(SolutionConfigurationPlatforms) = preSolution
		Debug|Any CPU = Debug|Any CPU
		Release|Any CPU = Release|Any CPU
	EndGlobalSection
	GlobalSection(ProjectConfigurationPlatforms) = postSolution
		{ED6A7AFD-8CE3-4F6A-B831-94645A0D4B1A}.Debug|Any CPU.ActiveCfg = Debug|Any CPU
		{ED6A7AFD-8CE3-4F6A-B831-94645A0D4B1A}.Debug|Any CPU.Build.0 = Debug|Any CPU
		{ED6A7AFD-8CE3-4F6A-B831-94645A0D4B1A}.Release|Any CPU.ActiveCfg = Release|Any CPU
		{ED6A7AFD-8CE3-4F6A-B831-94645A0D4B1A}.Release|Any CPU.Build.0 = Release|Any CPU
	EndGlobalSection
	GlobalSection(SolutionProperties) = preSolution
		HideSolutionNode = FALSE
	EndGlobalSection
	GlobalSection(ExtensibilityGlobals) = postSolution
		SolutionGuid = {CF223C3E-C0C8-4802-BA68-431297D6E3ED}
	EndGlobalSection
EndGlobal
